// !$*UTF8*$!
{
	archiveVersion = 1;
	classes = {
	};
	objectVersion = 56;
	objects = {

/* Begin PBXBuildFile section */
		1D093F032B32EF8300FB2AC7 /* AppDelegate.swift in Sources */ = {isa = PBXBuildFile; fileRef = 1D093F022B32EF8300FB2AC7 /* AppDelegate.swift */; };
		1D093F052B32EF8300FB2AC7 /* SceneDelegate.swift in Sources */ = {isa = PBXBuildFile; fileRef = 1D093F042B32EF8300FB2AC7 /* SceneDelegate.swift */; };
		1D093F072B32EF8300FB2AC7 /* ViewController.swift in Sources */ = {isa = PBXBuildFile; fileRef = 1D093F062B32EF8300FB2AC7 /* ViewController.swift */; };
		1D093F0A2B32EF8300FB2AC7 /* Main.storyboard in Resources */ = {isa = PBXBuildFile; fileRef = 1D093F082B32EF8300FB2AC7 /* Main.storyboard */; };
		1D093F0C2B32EF8400FB2AC7 /* Assets.xcassets in Resources */ = {isa = PBXBuildFile; fileRef = 1D093F0B2B32EF8400FB2AC7 /* Assets.xcassets */; };
		1D093F0F2B32EF8400FB2AC7 /* LaunchScreen.storyboard in Resources */ = {isa = PBXBuildFile; fileRef = 1D093F0D2B32EF8400FB2AC7 /* LaunchScreen.storyboard */; };
		1D093F1A2B32EF8400FB2AC7 /* CounterTests.swift in Sources */ = {isa = PBXBuildFile; fileRef = 1D093F192B32EF8400FB2AC7 /* CounterTests.swift */; };
		1D093F242B32EF8400FB2AC7 /* CounterUITests.swift in Sources */ = {isa = PBXBuildFile; fileRef = 1D093F232B32EF8400FB2AC7 /* CounterUITests.swift */; };
		1D093F262B32EF8400FB2AC7 /* CounterUITestsLaunchTests.swift in Sources */ = {isa = PBXBuildFile; fileRef = 1D093F252B32EF8400FB2AC7 /* CounterUITestsLaunchTests.swift */; };
/* End PBXBuildFile section */

/* Begin PBXContainerItemProxy section */
		1D093F162B32EF8400FB2AC7 /* PBXContainerItemProxy */ = {
			isa = PBXContainerItemProxy;
			containerPortal = 1D093EF72B32EF8300FB2AC7 /* Project object */;
			proxyType = 1;
			remoteGlobalIDString = 1D093EFE2B32EF8300FB2AC7;
			remoteInfo = Counter;
		};
		1D093F202B32EF8400FB2AC7 /* PBXContainerItemProxy */ = {
			isa = PBXContainerItemProxy;
			containerPortal = 1D093EF72B32EF8300FB2AC7 /* Project object */;
			proxyType = 1;
			remoteGlobalIDString = 1D093EFE2B32EF8300FB2AC7;
			remoteInfo = Counter;
		};
/* End PBXContainerItemProxy section */

/* Begin PBXFileReference section */
		1D093EFF2B32EF8300FB2AC7 /* Counter.app */ = {isa = PBXFileReference; explicitFileType = wrapper.application; includeInIndex = 0; path = Counter.app; sourceTree = BUILT_PRODUCTS_DIR; };
		1D093F022B32EF8300FB2AC7 /* AppDelegate.swift */ = {isa = PBXFileReference; lastKnownFileType = sourcecode.swift; path = AppDelegate.swift; sourceTree = "<group>"; };
		1D093F042B32EF8300FB2AC7 /* SceneDelegate.swift */ = {isa = PBXFileReference; lastKnownFileType = sourcecode.swift; path = SceneDelegate.swift; sourceTree = "<group>"; };
		1D093F062B32EF8300FB2AC7 /* ViewController.swift */ = {isa = PBXFileReference; lastKnownFileType = sourcecode.swift; path = ViewController.swift; sourceTree = "<group>"; };
		1D093F092B32EF8300FB2AC7 /* Base */ = {isa = PBXFileReference; lastKnownFileType = file.storyboard; name = Base; path = Base.lproj/Main.storyboard; sourceTree = "<group>"; };
		1D093F0B2B32EF8400FB2AC7 /* Assets.xcassets */ = {isa = PBXFileReference; lastKnownFileType = folder.assetcatalog; path = Assets.xcassets; sourceTree = "<group>"; };
		1D093F0E2B32EF8400FB2AC7 /* Base */ = {isa = PBXFileReference; lastKnownFileType = file.storyboard; name = Base; path = Base.lproj/LaunchScreen.storyboard; sourceTree = "<group>"; };
		1D093F102B32EF8400FB2AC7 /* Info.plist */ = {isa = PBXFileReference; lastKnownFileType = text.plist.xml; path = Info.plist; sourceTree = "<group>"; };
		1D093F152B32EF8400FB2AC7 /* CounterTests.xctest */ = {isa = PBXFileReference; explicitFileType = wrapper.cfbundle; includeInIndex = 0; path = CounterTests.xctest; sourceTree = BUILT_PRODUCTS_DIR; };
		1D093F192B32EF8400FB2AC7 /* CounterTests.swift */ = {isa = PBXFileReference; lastKnownFileType = sourcecode.swift; path = CounterTests.swift; sourceTree = "<group>"; };
		1D093F1F2B32EF8400FB2AC7 /* CounterUITests.xctest */ = {isa = PBXFileReference; explicitFileType = wrapper.cfbundle; includeInIndex = 0; path = CounterUITests.xctest; sourceTree = BUILT_PRODUCTS_DIR; };
		1D093F232B32EF8400FB2AC7 /* CounterUITests.swift */ = {isa = PBXFileReference; lastKnownFileType = sourcecode.swift; path = CounterUITests.swift; sourceTree = "<group>"; };
		1D093F252B32EF8400FB2AC7 /* CounterUITestsLaunchTests.swift */ = {isa = PBXFileReference; lastKnownFileType = sourcecode.swift; path = CounterUITestsLaunchTests.swift; sourceTree = "<group>"; };
/* End PBXFileReference section */

/* Begin PBXFrameworksBuildPhase section */
		1D093EFC2B32EF8300FB2AC7 /* Frameworks */ = {
			isa = PBXFrameworksBuildPhase;
			buildActionMask = 2147483647;
			files = (
			);
			runOnlyForDeploymentPostprocessing = 0;
		};
		1D093F122B32EF8400FB2AC7 /* Frameworks */ = {
			isa = PBXFrameworksBuildPhase;
			buildActionMask = 2147483647;
			files = (
			);
			runOnlyForDeploymentPostprocessing = 0;
		};
		1D093F1C2B32EF8400FB2AC7 /* Frameworks */ = {
			isa = PBXFrameworksBuildPhase;
			buildActionMask = 2147483647;
			files = (
			);
			runOnlyForDeploymentPostprocessing = 0;
		};
/* End PBXFrameworksBuildPhase section */

/* Begin PBXGroup section */
		1D093EF62B32EF8300FB2AC7 = {
			isa = PBXGroup;
			children = (
				1D093F012B32EF8300FB2AC7 /* Counter */,
				1D093F182B32EF8400FB2AC7 /* CounterTests */,
				1D093F222B32EF8400FB2AC7 /* CounterUITests */,
				1D093F002B32EF8300FB2AC7 /* Products */,
			);
			sourceTree = "<group>";
		};
		1D093F002B32EF8300FB2AC7 /* Products */ = {
			isa = PBXGroup;
			children = (
				1D093EFF2B32EF8300FB2AC7 /* Counter.app */,
				1D093F152B32EF8400FB2AC7 /* CounterTests.xctest */,
				1D093F1F2B32EF8400FB2AC7 /* CounterUITests.xctest */,
			);
			name = Products;
			sourceTree = "<group>";
		};
		1D093F012B32EF8300FB2AC7 /* Counter */ = {
			isa = PBXGroup;
			children = (
				1D093F022B32EF8300FB2AC7 /* AppDelegate.swift */,
				1D093F042B32EF8300FB2AC7 /* SceneDelegate.swift */,
				1D093F062B32EF8300FB2AC7 /* ViewController.swift */,
				1D093F082B32EF8300FB2AC7 /* Main.storyboard */,
				1D093F0B2B32EF8400FB2AC7 /* Assets.xcassets */,
				1D093F0D2B32EF8400FB2AC7 /* LaunchScreen.storyboard */,
				1D093F102B32EF8400FB2AC7 /* Info.plist */,
			);
			path = Counter;
			sourceTree = "<group>";
		};
		1D093F182B32EF8400FB2AC7 /* CounterTests */ = {
			isa = PBXGroup;
			children = (
				1D093F192B32EF8400FB2AC7 /* CounterTests.swift */,
			);
			path = CounterTests;
			sourceTree = "<group>";
		};
		1D093F222B32EF8400FB2AC7 /* CounterUITests */ = {
			isa = PBXGroup;
			children = (
				1D093F232B32EF8400FB2AC7 /* CounterUITests.swift */,
				1D093F252B32EF8400FB2AC7 /* CounterUITestsLaunchTests.swift */,
			);
			path = CounterUITests;
			sourceTree = "<group>";
		};
/* End PBXGroup section */

/* Begin PBXNativeTarget section */
		1D093EFE2B32EF8300FB2AC7 /* Counter */ = {
			isa = PBXNativeTarget;
			buildConfigurationList = 1D093F292B32EF8400FB2AC7 /* Build configuration list for PBXNativeTarget "Counter" */;
			buildPhases = (
				1D093EFB2B32EF8300FB2AC7 /* Sources */,
				1D093EFC2B32EF8300FB2AC7 /* Frameworks */,
				1D093EFD2B32EF8300FB2AC7 /* Resources */,
			);
			buildRules = (
			);
			dependencies = (
			);
			name = Counter;
			productName = Counter;
			productReference = 1D093EFF2B32EF8300FB2AC7 /* Counter.app */;
			productType = "com.apple.product-type.application";
		};
		1D093F142B32EF8400FB2AC7 /* CounterTests */ = {
			isa = PBXNativeTarget;
			buildConfigurationList = 1D093F2C2B32EF8400FB2AC7 /* Build configuration list for PBXNativeTarget "CounterTests" */;
			buildPhases = (
				1D093F112B32EF8400FB2AC7 /* Sources */,
				1D093F122B32EF8400FB2AC7 /* Frameworks */,
				1D093F132B32EF8400FB2AC7 /* Resources */,
			);
			buildRules = (
			);
			dependencies = (
				1D093F172B32EF8400FB2AC7 /* PBXTargetDependency */,
			);
			name = CounterTests;
			productName = CounterTests;
			productReference = 1D093F152B32EF8400FB2AC7 /* CounterTests.xctest */;
			productType = "com.apple.product-type.bundle.unit-test";
		};
		1D093F1E2B32EF8400FB2AC7 /* CounterUITests */ = {
			isa = PBXNativeTarget;
			buildConfigurationList = 1D093F2F2B32EF8400FB2AC7 /* Build configuration list for PBXNativeTarget "CounterUITests" */;
			buildPhases = (
				1D093F1B2B32EF8400FB2AC7 /* Sources */,
				1D093F1C2B32EF8400FB2AC7 /* Frameworks */,
				1D093F1D2B32EF8400FB2AC7 /* Resources */,
			);
			buildRules = (
			);
			dependencies = (
				1D093F212B32EF8400FB2AC7 /* PBXTargetDependency */,
			);
			name = CounterUITests;
			productName = CounterUITests;
			productReference = 1D093F1F2B32EF8400FB2AC7 /* CounterUITests.xctest */;
			productType = "com.apple.product-type.bundle.ui-testing";
		};
/* End PBXNativeTarget section */

/* Begin PBXProject section */
		1D093EF72B32EF8300FB2AC7 /* Project object */ = {
			isa = PBXProject;
			attributes = {
				BuildIndependentTargetsInParallel = 1;
				LastSwiftUpdateCheck = 1500;
				LastUpgradeCheck = 1500;
				TargetAttributes = {
					1D093EFE2B32EF8300FB2AC7 = {
						CreatedOnToolsVersion = 15.0;
					};
					1D093F142B32EF8400FB2AC7 = {
						CreatedOnToolsVersion = 15.0;
						TestTargetID = 1D093EFE2B32EF8300FB2AC7;
					};
					1D093F1E2B32EF8400FB2AC7 = {
						CreatedOnToolsVersion = 15.0;
						TestTargetID = 1D093EFE2B32EF8300FB2AC7;
					};
				};
			};
			buildConfigurationList = 1D093EFA2B32EF8300FB2AC7 /* Build configuration list for PBXProject "Counter" */;
			compatibilityVersion = "Xcode 14.0";
			developmentRegion = en;
			hasScannedForEncodings = 0;
			knownRegions = (
				en,
				Base,
			);
			mainGroup = 1D093EF62B32EF8300FB2AC7;
			productRefGroup = 1D093F002B32EF8300FB2AC7 /* Products */;
			projectDirPath = "";
			projectRoot = "";
			targets = (
				1D093EFE2B32EF8300FB2AC7 /* Counter */,
				1D093F142B32EF8400FB2AC7 /* CounterTests */,
				1D093F1E2B32EF8400FB2AC7 /* CounterUITests */,
			);
		};
/* End PBXProject section */

/* Begin PBXResourcesBuildPhase section */
		1D093EFD2B32EF8300FB2AC7 /* Resources */ = {
			isa = PBXResourcesBuildPhase;
			buildActionMask = 2147483647;
			files = (
				1D093F0F2B32EF8400FB2AC7 /* LaunchScreen.storyboard in Resources */,
				1D093F0C2B32EF8400FB2AC7 /* Assets.xcassets in Resources */,
				1D093F0A2B32EF8300FB2AC7 /* Main.storyboard in Resources */,
			);
			runOnlyForDeploymentPostprocessing = 0;
		};
		1D093F132B32EF8400FB2AC7 /* Resources */ = {
			isa = PBXResourcesBuildPhase;
			buildActionMask = 2147483647;
			files = (
			);
			runOnlyForDeploymentPostprocessing = 0;
		};
		1D093F1D2B32EF8400FB2AC7 /* Resources */ = {
			isa = PBXResourcesBuildPhase;
			buildActionMask = 2147483647;
			files = (
			);
			runOnlyForDeploymentPostprocessing = 0;
		};
/* End PBXResourcesBuildPhase section */

/* Begin PBXSourcesBuildPhase section */
		1D093EFB2B32EF8300FB2AC7 /* Sources */ = {
			isa = PBXSourcesBuildPhase;
			buildActionMask = 2147483647;
			files = (
				1D093F072B32EF8300FB2AC7 /* ViewController.swift in Sources */,
				1D093F032B32EF8300FB2AC7 /* AppDelegate.swift in Sources */,
				1D093F052B32EF8300FB2AC7 /* SceneDelegate.swift in Sources */,
			);
			runOnlyForDeploymentPostprocessing = 0;
		};
		1D093F112B32EF8400FB2AC7 /* Sources */ = {
			isa = PBXSourcesBuildPhase;
			buildActionMask = 2147483647;
			files = (
				1D093F1A2B32EF8400FB2AC7 /* CounterTests.swift in Sources */,
			);
			runOnlyForDeploymentPostprocessing = 0;
		};
		1D093F1B2B32EF8400FB2AC7 /* Sources */ = {
			isa = PBXSourcesBuildPhase;
			buildActionMask = 2147483647;
			files = (
				1D093F242B32EF8400FB2AC7 /* CounterUITests.swift in Sources */,
				1D093F262B32EF8400FB2AC7 /* CounterUITestsLaunchTests.swift in Sources */,
			);
			runOnlyForDeploymentPostprocessing = 0;
		};
/* End PBXSourcesBuildPhase section */

/* Begin PBXTargetDependency section */
		1D093F172B32EF8400FB2AC7 /* PBXTargetDependency */ = {
			isa = PBXTargetDependency;
			target = 1D093EFE2B32EF8300FB2AC7 /* Counter */;
			targetProxy = 1D093F162B32EF8400FB2AC7 /* PBXContainerItemProxy */;
		};
		1D093F212B32EF8400FB2AC7 /* PBXTargetDependency */ = {
			isa = PBXTargetDependency;
			target = 1D093EFE2B32EF8300FB2AC7 /* Counter */;
			targetProxy = 1D093F202B32EF8400FB2AC7 /* PBXContainerItemProxy */;
		};
/* End PBXTargetDependency section */

/* Begin PBXVariantGroup section */
		1D093F082B32EF8300FB2AC7 /* Main.storyboard */ = {
			isa = PBXVariantGroup;
			children = (
				1D093F092B32EF8300FB2AC7 /* Base */,
			);
			name = Main.storyboard;
			sourceTree = "<group>";
		};
		1D093F0D2B32EF8400FB2AC7 /* LaunchScreen.storyboard */ = {
			isa = PBXVariantGroup;
			children = (
				1D093F0E2B32EF8400FB2AC7 /* Base */,
			);
			name = LaunchScreen.storyboard;
			sourceTree = "<group>";
		};
/* End PBXVariantGroup section */

/* Begin XCBuildConfiguration section */
		1D093F272B32EF8400FB2AC7 /* Debug */ = {
			isa = XCBuildConfiguration;
			buildSettings = {
				ALWAYS_SEARCH_USER_PATHS = NO;
				ASSETCATALOG_COMPILER_GENERATE_SWIFT_ASSET_SYMBOL_EXTENSIONS = YES;
				CLANG_ANALYZER_NONNULL = YES;
				CLANG_ANALYZER_NUMBER_OBJECT_CONVERSION = YES_AGGRESSIVE;
				CLANG_CXX_LANGUAGE_STANDARD = "gnu++20";
				CLANG_ENABLE_MODULES = YES;
				CLANG_ENABLE_OBJC_ARC = YES;
				CLANG_ENABLE_OBJC_WEAK = YES;
				CLANG_WARN_BLOCK_CAPTURE_AUTORELEASING = YES;
				CLANG_WARN_BOOL_CONVERSION = YES;
				CLANG_WARN_COMMA = YES;
				CLANG_WARN_CONSTANT_CONVERSION = YES;
				CLANG_WARN_DEPRECATED_OBJC_IMPLEMENTATIONS = YES;
				CLANG_WARN_DIRECT_OBJC_ISA_USAGE = YES_ERROR;
				CLANG_WARN_DOCUMENTATION_COMMENTS = YES;
				CLANG_WARN_EMPTY_BODY = YES;
				CLANG_WARN_ENUM_CONVERSION = YES;
				CLANG_WARN_INFINITE_RECURSION = YES;
				CLANG_WARN_INT_CONVERSION = YES;
				CLANG_WARN_NON_LITERAL_NULL_CONVERSION = YES;
				CLANG_WARN_OBJC_IMPLICIT_RETAIN_SELF = YES;
				CLANG_WARN_OBJC_LITERAL_CONVERSION = YES;
				CLANG_WARN_OBJC_ROOT_CLASS = YES_ERROR;
				CLANG_WARN_QUOTED_INCLUDE_IN_FRAMEWORK_HEADER = YES;
				CLANG_WARN_RANGE_LOOP_ANALYSIS = YES;
				CLANG_WARN_STRICT_PROTOTYPES = YES;
				CLANG_WARN_SUSPICIOUS_MOVE = YES;
				CLANG_WARN_UNGUARDED_AVAILABILITY = YES_AGGRESSIVE;
				CLANG_WARN_UNREACHABLE_CODE = YES;
				CLANG_WARN__DUPLICATE_METHOD_MATCH = YES;
				COPY_PHASE_STRIP = NO;
				DEBUG_INFORMATION_FORMAT = dwarf;
				ENABLE_STRICT_OBJC_MSGSEND = YES;
				ENABLE_TESTABILITY = YES;
				ENABLE_USER_SCRIPT_SANDBOXING = YES;
				GCC_C_LANGUAGE_STANDARD = gnu17;
				GCC_DYNAMIC_NO_PIC = NO;
				GCC_NO_COMMON_BLOCKS = YES;
				GCC_OPTIMIZATION_LEVEL = 0;
				GCC_PREPROCESSOR_DEFINITIONS = (
					"DEBUG=1",
					"$(inherited)",
				);
				GCC_WARN_64_TO_32_BIT_CONVERSION = YES;
				GCC_WARN_ABOUT_RETURN_TYPE = YES_ERROR;
				GCC_WARN_UNDECLARED_SELECTOR = YES;
				GCC_WARN_UNINITIALIZED_AUTOS = YES_AGGRESSIVE;
				GCC_WARN_UNUSED_FUNCTION = YES;
				GCC_WARN_UNUSED_VARIABLE = YES;
				IPHONEOS_DEPLOYMENT_TARGET = 17.0;
				LOCALIZATION_PREFERS_STRING_CATALOGS = YES;
				MTL_ENABLE_DEBUG_INFO = INCLUDE_SOURCE;
				MTL_FAST_MATH = YES;
				ONLY_ACTIVE_ARCH = YES;
				SDKROOT = iphoneos;
				SWIFT_ACTIVE_COMPILATION_CONDITIONS = "DEBUG $(inherited)";
				SWIFT_OPTIMIZATION_LEVEL = "-Onone";
			};
			name = Debug;
		};
		1D093F282B32EF8400FB2AC7 /* Release */ = {
			isa = XCBuildConfiguration;
			buildSettings = {
				ALWAYS_SEARCH_USER_PATHS = NO;
				ASSETCATALOG_COMPILER_GENERATE_SWIFT_ASSET_SYMBOL_EXTENSIONS = YES;
				CLANG_ANALYZER_NONNULL = YES;
				CLANG_ANALYZER_NUMBER_OBJECT_CONVERSION = YES_AGGRESSIVE;
				CLANG_CXX_LANGUAGE_STANDARD = "gnu++20";
				CLANG_ENABLE_MODULES = YES;
				CLANG_ENABLE_OBJC_ARC = YES;
				CLANG_ENABLE_OBJC_WEAK = YES;
				CLANG_WARN_BLOCK_CAPTURE_AUTORELEASING = YES;
				CLANG_WARN_BOOL_CONVERSION = YES;
				CLANG_WARN_COMMA = YES;
				CLANG_WARN_CONSTANT_CONVERSION = YES;
				CLANG_WARN_DEPRECATED_OBJC_IMPLEMENTATIONS = YES;
				CLANG_WARN_DIRECT_OBJC_ISA_USAGE = YES_ERROR;
				CLANG_WARN_DOCUMENTATION_COMMENTS = YES;
				CLANG_WARN_EMPTY_BODY = YES;
				CLANG_WARN_ENUM_CONVERSION = YES;
				CLANG_WARN_INFINITE_RECURSION = YES;
				CLANG_WARN_INT_CONVERSION = YES;
				CLANG_WARN_NON_LITERAL_NULL_CONVERSION = YES;
				CLANG_WARN_OBJC_IMPLICIT_RETAIN_SELF = YES;
				CLANG_WARN_OBJC_LITERAL_CONVERSION = YES;
				CLANG_WARN_OBJC_ROOT_CLASS = YES_ERROR;
				CLANG_WARN_QUOTED_INCLUDE_IN_FRAMEWORK_HEADER = YES;
				CLANG_WARN_RANGE_LOOP_ANALYSIS = YES;
				CLANG_WARN_STRICT_PROTOTYPES = YES;
				CLANG_WARN_SUSPICIOUS_MOVE = YES;
				CLANG_WARN_UNGUARDED_AVAILABILITY = YES_AGGRESSIVE;
				CLANG_WARN_UNREACHABLE_CODE = YES;
				CLANG_WARN__DUPLICATE_METHOD_MATCH = YES;
				COPY_PHASE_STRIP = NO;
				DEBUG_INFORMATION_FORMAT = "dwarf-with-dsym";
				ENABLE_NS_ASSERTIONS = NO;
				ENABLE_STRICT_OBJC_MSGSEND = YES;
				ENABLE_USER_SCRIPT_SANDBOXING = YES;
				GCC_C_LANGUAGE_STANDARD = gnu17;
				GCC_NO_COMMON_BLOCKS = YES;
				GCC_WARN_64_TO_32_BIT_CONVERSION = YES;
				GCC_WARN_ABOUT_RETURN_TYPE = YES_ERROR;
				GCC_WARN_UNDECLARED_SELECTOR = YES;
				GCC_WARN_UNINITIALIZED_AUTOS = YES_AGGRESSIVE;
				GCC_WARN_UNUSED_FUNCTION = YES;
				GCC_WARN_UNUSED_VARIABLE = YES;
				IPHONEOS_DEPLOYMENT_TARGET = 17.0;
				LOCALIZATION_PREFERS_STRING_CATALOGS = YES;
				MTL_ENABLE_DEBUG_INFO = NO;
				MTL_FAST_MATH = YES;
				SDKROOT = iphoneos;
				SWIFT_COMPILATION_MODE = wholemodule;
				VALIDATE_PRODUCT = YES;
			};
			name = Release;
		};
		1D093F2A2B32EF8400FB2AC7 /* Debug */ = {
			isa = XCBuildConfiguration;
			buildSettings = {
				ASSETCATALOG_COMPILER_APPICON_NAME = AppIcon;
				ASSETCATALOG_COMPILER_GLOBAL_ACCENT_COLOR_NAME = AccentColor;
				CODE_SIGN_STYLE = Automatic;
				CURRENT_PROJECT_VERSION = 1;
				GENERATE_INFOPLIST_FILE = YES;
				INFOPLIST_FILE = Counter/Info.plist;
				INFOPLIST_KEY_UIApplicationSupportsIndirectInputEvents = YES;
				INFOPLIST_KEY_UILaunchStoryboardName = LaunchScreen;
				INFOPLIST_KEY_UIMainStoryboardFile = Main;
				INFOPLIST_KEY_UISupportedInterfaceOrientations_iPad = "UIInterfaceOrientationPortrait UIInterfaceOrientationPortraitUpsideDown UIInterfaceOrientationLandscapeLeft UIInterfaceOrientationLandscapeRight";
				INFOPLIST_KEY_UISupportedInterfaceOrientations_iPhone = "UIInterfaceOrientationPortrait UIInterfaceOrientationLandscapeLeft UIInterfaceOrientationLandscapeRight";
				LD_RUNPATH_SEARCH_PATHS = (
					"$(inherited)",
					"@executable_path/Frameworks",
				);
				MARKETING_VERSION = 1.0;
				PRODUCT_BUNDLE_IDENTIFIER = test.Counter;
				PRODUCT_NAME = "$(TARGET_NAME)";
				SWIFT_EMIT_LOC_STRINGS = YES;
				SWIFT_VERSION = 5.0;
				TARGETED_DEVICE_FAMILY = "1,2";
			};
			name = Debug;
		};
		1D093F2B2B32EF8400FB2AC7 /* Release */ = {
			isa = XCBuildConfiguration;
			buildSettings = {
				ASSETCATALOG_COMPILER_APPICON_NAME = AppIcon;
				ASSETCATALOG_COMPILER_GLOBAL_ACCENT_COLOR_NAME = AccentColor;
				CODE_SIGN_STYLE = Automatic;
				CURRENT_PROJECT_VERSION = 1;
				GENERATE_INFOPLIST_FILE = YES;
				INFOPLIST_FILE = Counter/Info.plist;
				INFOPLIST_KEY_UIApplicationSupportsIndirectInputEvents = YES;
				INFOPLIST_KEY_UILaunchStoryboardName = LaunchScreen;
				INFOPLIST_KEY_UIMainStoryboardFile = Main;
				INFOPLIST_KEY_UISupportedInterfaceOrientations_iPad = "UIInterfaceOrientationPortrait UIInterfaceOrientationPortraitUpsideDown UIInterfaceOrientationLandscapeLeft UIInterfaceOrientationLandscapeRight";
				INFOPLIST_KEY_UISupportedInterfaceOrientations_iPhone = "UIInterfaceOrientationPortrait UIInterfaceOrientationLandscapeLeft UIInterfaceOrientationLandscapeRight";
				LD_RUNPATH_SEARCH_PATHS = (
					"$(inherited)",
					"@executable_path/Frameworks",
				);
				MARKETING_VERSION = 1.0;
				PRODUCT_BUNDLE_IDENTIFIER = test.Counter;
				PRODUCT_NAME = "$(TARGET_NAME)";
				SWIFT_EMIT_LOC_STRINGS = YES;
				SWIFT_VERSION = 5.0;
				TARGETED_DEVICE_FAMILY = "1,2";
			};
			name = Release;
		};
		1D093F2D2B32EF8400FB2AC7 /* Debug */ = {
			isa = XCBuildConfiguration;
			buildSettings = {
				ALWAYS_EMBED_SWIFT_STANDARD_LIBRARIES = YES;
				BUNDLE_LOADER = "$(TEST_HOST)";
				CODE_SIGN_STYLE = Automatic;
				CURRENT_PROJECT_VERSION = 1;
				GENERATE_INFOPLIST_FILE = YES;
				IPHONEOS_DEPLOYMENT_TARGET = 17.0;
				MARKETING_VERSION = 1.0;
				PRODUCT_BUNDLE_IDENTIFIER = test.CounterTests;
				PRODUCT_NAME = "$(TARGET_NAME)";
				SWIFT_EMIT_LOC_STRINGS = NO;
				SWIFT_VERSION = 5.0;
				TARGETED_DEVICE_FAMILY = "1,2";
				TEST_HOST = "$(BUILT_PRODUCTS_DIR)/Counter.app/$(BUNDLE_EXECUTABLE_FOLDER_PATH)/Counter";
			};
			name = Debug;
		};
		1D093F2E2B32EF8400FB2AC7 /* Release */ = {
			isa = XCBuildConfiguration;
			buildSettings = {
				ALWAYS_EMBED_SWIFT_STANDARD_LIBRARIES = YES;
				BUNDLE_LOADER = "$(TEST_HOST)";
				CODE_SIGN_STYLE = Automatic;
				CURRENT_PROJECT_VERSION = 1;
				GENERATE_INFOPLIST_FILE = YES;
				IPHONEOS_DEPLOYMENT_TARGET = 17.0;
				MARKETING_VERSION = 1.0;
				PRODUCT_BUNDLE_IDENTIFIER = test.CounterTests;
				PRODUCT_NAME = "$(TARGET_NAME)";
				SWIFT_EMIT_LOC_STRINGS = NO;
				SWIFT_VERSION = 5.0;
				TARGETED_DEVICE_FAMILY = "1,2";
				TEST_HOST = "$(BUILT_PRODUCTS_DIR)/Counter.app/$(BUNDLE_EXECUTABLE_FOLDER_PATH)/Counter";
			};
			name = Release;
		};
		1D093F302B32EF8400FB2AC7 /* Debug */ = {
			isa = XCBuildConfiguration;
			buildSettings = {
				ALWAYS_EMBED_SWIFT_STANDARD_LIBRARIES = YES;
				CODE_SIGN_STYLE = Automatic;
				CURRENT_PROJECT_VERSION = 1;
				GENERATE_INFOPLIST_FILE = YES;
				MARKETING_VERSION = 1.0;
				PRODUCT_BUNDLE_IDENTIFIER = test.CounterUITests;
				PRODUCT_NAME = "$(TARGET_NAME)";
				SWIFT_EMIT_LOC_STRINGS = NO;
				SWIFT_VERSION = 5.0;
				TARGETED_DEVICE_FAMILY = "1,2";
				TEST_TARGET_NAME = Counter;
			};
			name = Debug;
		};
		1D093F312B32EF8400FB2AC7 /* Release */ = {
			isa = XCBuildConfiguration;
			buildSettings = {
				ALWAYS_EMBED_SWIFT_STANDARD_LIBRARIES = YES;
				CODE_SIGN_STYLE = Automatic;
				CURRENT_PROJECT_VERSION = 1;
				GENERATE_INFOPLIST_FILE = YES;
				MARKETING_VERSION = 1.0;
				PRODUCT_BUNDLE_IDENTIFIER = test.CounterUITests;
				PRODUCT_NAME = "$(TARGET_NAME)";
				SWIFT_EMIT_LOC_STRINGS = NO;
				SWIFT_VERSION = 5.0;
				TARGETED_DEVICE_FAMILY = "1,2";
				TEST_TARGET_NAME = Counter;
			};
			name = Release;
		};
/* End XCBuildConfiguration section */

/* Begin XCConfigurationList section */
		1D093EFA2B32EF8300FB2AC7 /* Build configuration list for PBXProject "Counter" */ = {
			isa = XCConfigurationList;
			buildConfigurations = (
				1D093F272B32EF8400FB2AC7 /* Debug */,
				1D093F282B32EF8400FB2AC7 /* Release */,
			);
			defaultConfigurationIsVisible = 0;
			defaultConfigurationName = Release;
		};
		1D093F292B32EF8400FB2AC7 /* Build configuration list for PBXNativeTarget "Counter" */ = {
			isa = XCConfigurationList;
			buildConfigurations = (
				1D093F2A2B32EF8400FB2AC7 /* Debug */,
				1D093F2B2B32EF8400FB2AC7 /* Release */,
			);
			defaultConfigurationIsVisible = 0;
			defaultConfigurationName = Release;
		};
		1D093F2C2B32EF8400FB2AC7 /* Build configuration list for PBXNativeTarget "CounterTests" */ = {
			isa = XCConfigurationList;
			buildConfigurations = (
				1D093F2D2B32EF8400FB2AC7 /* Debug */,
				1D093F2E2B32EF8400FB2AC7 /* Release */,
			);
			defaultConfigurationIsVisible = 0;
			defaultConfigurationName = Release;
		};
		1D093F2F2B32EF8400FB2AC7 /* Build configuration list for PBXNativeTarget "CounterUITests" */ = {
			isa = XCConfigurationList;
			buildConfigurations = (
				1D093F302B32EF8400FB2AC7 /* Debug */,
				1D093F312B32EF8400FB2AC7 /* Release */,
			);
			defaultConfigurationIsVisible = 0;
			defaultConfigurationName = Release;
		};
/* End XCConfigurationList section */
	};
	rootObject = 1D093EF72B32EF8300FB2AC7 /* Project object */;
}
